// !$*UTF8*$!
{
	archiveVersion = 1;
	classes = {
	};
	objectVersion = 55;
	objects = {

/* Begin PBXBuildFile section */
		060F30302AE1622D004B1120 /* OnBoardingScreen.swift in Sources */ = {isa = PBXBuildFile; fileRef = 060F302F2AE1622D004B1120 /* OnBoardingScreen.swift */; };
		060F30342AE17C2F004B1120 /* MainScreen.swift in Sources */ = {isa = PBXBuildFile; fileRef = 060F30332AE17C2F004B1120 /* MainScreen.swift */; };
		064F3F282AFA49BE002F0B1F /* CoreDataManager.swift in Sources */ = {isa = PBXBuildFile; fileRef = 064F3F272AFA49BE002F0B1F /* CoreDataManager.swift */; };
		06A3EB112AEFCD550098B1DF /* CartScreen.swift in Sources */ = {isa = PBXBuildFile; fileRef = 06A3EB102AEFCD550098B1DF /* CartScreen.swift */; };
		06C284322AE6D51A006F5422 /* MoreProductsScreen.swift in Sources */ = {isa = PBXBuildFile; fileRef = 06C284312AE6D51A006F5422 /* MoreProductsScreen.swift */; };
		06C284342AE7CA99006F5422 /* SearchScreen.swift in Sources */ = {isa = PBXBuildFile; fileRef = 06C284332AE7CA99006F5422 /* SearchScreen.swift */; };
		06C284362AE7D3A0006F5422 /* StaggeredGrid.swift in Sources */ = {isa = PBXBuildFile; fileRef = 06C284352AE7D3A0006F5422 /* StaggeredGrid.swift */; };
		06C284382AE80A76006F5422 /* LoginScreenViewModel.swift in Sources */ = {isa = PBXBuildFile; fileRef = 06C284372AE80A76006F5422 /* LoginScreenViewModel.swift */; };
		06C2843A2AE80B79006F5422 /* LoginScreen.swift in Sources */ = {isa = PBXBuildFile; fileRef = 06C284392AE80B79006F5422 /* LoginScreen.swift */; };
		06C2843C2AE80CBC006F5422 /* CustomCorners.swift in Sources */ = {isa = PBXBuildFile; fileRef = 06C2843B2AE80CBC006F5422 /* CustomCorners.swift */; };
		06C5276C2AF5081700CFED75 /* Localizable.strings in Resources */ = {isa = PBXBuildFile; fileRef = 06C5276E2AF5081700CFED75 /* Localizable.strings */; };
		06C67E212AE13D8200E9353B /* Urban_MarketApp.swift in Sources */ = {isa = PBXBuildFile; fileRef = 06C67E202AE13D8200E9353B /* Urban_MarketApp.swift */; };
		06C67E232AE13D8200E9353B /* HomeScreen.swift in Sources */ = {isa = PBXBuildFile; fileRef = 06C67E222AE13D8200E9353B /* HomeScreen.swift */; };
		06C67E252AE13D8300E9353B /* Assets.xcassets in Resources */ = {isa = PBXBuildFile; fileRef = 06C67E242AE13D8300E9353B /* Assets.xcassets */; };
		06C67E282AE13D8300E9353B /* Preview Assets.xcassets in Resources */ = {isa = PBXBuildFile; fileRef = 06C67E272AE13D8300E9353B /* Preview Assets.xcassets */; };
		06C67E2D2AE13D8300E9353B /* Urban_Market.xcdatamodeld in Sources */ = {isa = PBXBuildFile; fileRef = 06C67E2B2AE13D8300E9353B /* Urban_Market.xcdatamodeld */; };
		06C67E372AE13D8300E9353B /* Urban_MarketTests.swift in Sources */ = {isa = PBXBuildFile; fileRef = 06C67E362AE13D8300E9353B /* Urban_MarketTests.swift */; };
		06C67E412AE13D8300E9353B /* Urban_MarketUITests.swift in Sources */ = {isa = PBXBuildFile; fileRef = 06C67E402AE13D8300E9353B /* Urban_MarketUITests.swift */; };
		06C67E432AE13D8300E9353B /* Urban_MarketUITestsLaunchTests.swift in Sources */ = {isa = PBXBuildFile; fileRef = 06C67E422AE13D8300E9353B /* Urban_MarketUITestsLaunchTests.swift */; };
		06C67E512AE142F600E9353B /* ProductModel.swift in Sources */ = {isa = PBXBuildFile; fileRef = 06C67E502AE142F600E9353B /* ProductModel.swift */; };
		06C67E542AE143BA00E9353B /* HomeScreenViewModel.swift in Sources */ = {isa = PBXBuildFile; fileRef = 06C67E532AE143BA00E9353B /* HomeScreenViewModel.swift */; };
		06C67E5A2AE15ED800E9353B /* Raleway-Regular.ttf in Resources */ = {isa = PBXBuildFile; fileRef = 06C67E572AE15ED800E9353B /* Raleway-Regular.ttf */; };
		06C67E5B2AE15ED800E9353B /* Raleway-SemiBold.ttf in Resources */ = {isa = PBXBuildFile; fileRef = 06C67E582AE15ED800E9353B /* Raleway-SemiBold.ttf */; };
		06C67E5E2AE15F9900E9353B /* Raleway-Bold.ttf in Resources */ = {isa = PBXBuildFile; fileRef = 06C67E5D2AE15F9900E9353B /* Raleway-Bold.ttf */; };
		06CB658E2AE9118B0065FE16 /* FirebaseAuth in Frameworks */ = {isa = PBXBuildFile; productRef = 06CB658D2AE9118B0065FE16 /* FirebaseAuth */; };
		06CB65902AE9118B0065FE16 /* FirebaseFirestore in Frameworks */ = {isa = PBXBuildFile; productRef = 06CB658F2AE9118B0065FE16 /* FirebaseFirestore */; };
		06CB65922AE9118B0065FE16 /* FirebaseFirestoreSwift in Frameworks */ = {isa = PBXBuildFile; productRef = 06CB65912AE9118B0065FE16 /* FirebaseFirestoreSwift */; };
		06CB65942AE9118B0065FE16 /* FirebaseStorage in Frameworks */ = {isa = PBXBuildFile; productRef = 06CB65932AE9118B0065FE16 /* FirebaseStorage */; };
		06CB65962AE91CFA0065FE16 /* UserModel.swift in Sources */ = {isa = PBXBuildFile; fileRef = 06CB65952AE91CFA0065FE16 /* UserModel.swift */; };
		06CB65982AE91F230065FE16 /* ProfileScreen.swift in Sources */ = {isa = PBXBuildFile; fileRef = 06CB65972AE91F230065FE16 /* ProfileScreen.swift */; };
		06CB659A2AE957E00065FE16 /* GoogleService-Info.plist in Resources */ = {isa = PBXBuildFile; fileRef = 06CB65992AE957E00065FE16 /* GoogleService-Info.plist */; };
		06CC5ADD2AEAA4D7007A064A /* SharedDataViewModel.swift in Sources */ = {isa = PBXBuildFile; fileRef = 06CC5ADC2AEAA4D7007A064A /* SharedDataViewModel.swift */; };
		06CC5ADF2AEAA61D007A064A /* ProductDetailScreen.swift in Sources */ = {isa = PBXBuildFile; fileRef = 06CC5ADE2AEAA61D007A064A /* ProductDetailScreen.swift */; };
		06CC5AE12AEABD8D007A064A /* LikedScreen.swift in Sources */ = {isa = PBXBuildFile; fileRef = 06CC5AE02AEABD8D007A064A /* LikedScreen.swift */; };
/* End PBXBuildFile section */

/* Begin PBXContainerItemProxy section */
		06C67E332AE13D8300E9353B /* PBXContainerItemProxy */ = {
			isa = PBXContainerItemProxy;
			containerPortal = 06C67E152AE13D8200E9353B /* Project object */;
			proxyType = 1;
			remoteGlobalIDString = 06C67E1C2AE13D8200E9353B;
			remoteInfo = "Urban Market";
		};
		06C67E3D2AE13D8300E9353B /* PBXContainerItemProxy */ = {
			isa = PBXContainerItemProxy;
			containerPortal = 06C67E152AE13D8200E9353B /* Project object */;
			proxyType = 1;
			remoteGlobalIDString = 06C67E1C2AE13D8200E9353B;
			remoteInfo = "Urban Market";
		};
/* End PBXContainerItemProxy section */

/* Begin PBXFileReference section */
		060F302F2AE1622D004B1120 /* OnBoardingScreen.swift */ = {isa = PBXFileReference; lastKnownFileType = sourcecode.swift; path = OnBoardingScreen.swift; sourceTree = "<group>"; };
		060F30332AE17C2F004B1120 /* MainScreen.swift */ = {isa = PBXFileReference; lastKnownFileType = sourcecode.swift; path = MainScreen.swift; sourceTree = "<group>"; };
		064F3F272AFA49BE002F0B1F /* CoreDataManager.swift */ = {isa = PBXFileReference; lastKnownFileType = sourcecode.swift; path = CoreDataManager.swift; sourceTree = "<group>"; };
		06A3EB102AEFCD550098B1DF /* CartScreen.swift */ = {isa = PBXFileReference; lastKnownFileType = sourcecode.swift; path = CartScreen.swift; sourceTree = "<group>"; };
		06C284312AE6D51A006F5422 /* MoreProductsScreen.swift */ = {isa = PBXFileReference; lastKnownFileType = sourcecode.swift; path = MoreProductsScreen.swift; sourceTree = "<group>"; };
		06C284332AE7CA99006F5422 /* SearchScreen.swift */ = {isa = PBXFileReference; lastKnownFileType = sourcecode.swift; path = SearchScreen.swift; sourceTree = "<group>"; };
		06C284352AE7D3A0006F5422 /* StaggeredGrid.swift */ = {isa = PBXFileReference; lastKnownFileType = sourcecode.swift; path = StaggeredGrid.swift; sourceTree = "<group>"; };
		06C284372AE80A76006F5422 /* LoginScreenViewModel.swift */ = {isa = PBXFileReference; lastKnownFileType = sourcecode.swift; path = LoginScreenViewModel.swift; sourceTree = "<group>"; };
		06C284392AE80B79006F5422 /* LoginScreen.swift */ = {isa = PBXFileReference; lastKnownFileType = sourcecode.swift; path = LoginScreen.swift; sourceTree = "<group>"; };
		06C2843B2AE80CBC006F5422 /* CustomCorners.swift */ = {isa = PBXFileReference; lastKnownFileType = sourcecode.swift; path = CustomCorners.swift; sourceTree = "<group>"; };
		06C5276D2AF5081700CFED75 /* en */ = {isa = PBXFileReference; lastKnownFileType = text.plist.strings; name = en; path = en.lproj/Localizable.strings; sourceTree = "<group>"; };
		06C527712AF51C8800CFED75 /* de */ = {isa = PBXFileReference; lastKnownFileType = text.plist.strings; name = de; path = de.lproj/Localizable.strings; sourceTree = "<group>"; };
		06C67E1D2AE13D8200E9353B /* Urban Market.app */ = {isa = PBXFileReference; explicitFileType = wrapper.application; includeInIndex = 0; path = "Urban Market.app"; sourceTree = BUILT_PRODUCTS_DIR; };
		06C67E202AE13D8200E9353B /* Urban_MarketApp.swift */ = {isa = PBXFileReference; lastKnownFileType = sourcecode.swift; path = Urban_MarketApp.swift; sourceTree = "<group>"; };
		06C67E222AE13D8200E9353B /* HomeScreen.swift */ = {isa = PBXFileReference; lastKnownFileType = sourcecode.swift; path = HomeScreen.swift; sourceTree = "<group>"; };
		06C67E242AE13D8300E9353B /* Assets.xcassets */ = {isa = PBXFileReference; lastKnownFileType = folder.assetcatalog; path = Assets.xcassets; sourceTree = "<group>"; };
		06C67E272AE13D8300E9353B /* Preview Assets.xcassets */ = {isa = PBXFileReference; lastKnownFileType = folder.assetcatalog; path = "Preview Assets.xcassets"; sourceTree = "<group>"; };
		06C67E2C2AE13D8300E9353B /* Urban_Market.xcdatamodel */ = {isa = PBXFileReference; lastKnownFileType = wrapper.xcdatamodel; path = Urban_Market.xcdatamodel; sourceTree = "<group>"; };
		06C67E322AE13D8300E9353B /* Urban MarketTests.xctest */ = {isa = PBXFileReference; explicitFileType = wrapper.cfbundle; includeInIndex = 0; path = "Urban MarketTests.xctest"; sourceTree = BUILT_PRODUCTS_DIR; };
		06C67E362AE13D8300E9353B /* Urban_MarketTests.swift */ = {isa = PBXFileReference; lastKnownFileType = sourcecode.swift; path = Urban_MarketTests.swift; sourceTree = "<group>"; };
		06C67E3C2AE13D8300E9353B /* Urban MarketUITests.xctest */ = {isa = PBXFileReference; explicitFileType = wrapper.cfbundle; includeInIndex = 0; path = "Urban MarketUITests.xctest"; sourceTree = BUILT_PRODUCTS_DIR; };
		06C67E402AE13D8300E9353B /* Urban_MarketUITests.swift */ = {isa = PBXFileReference; lastKnownFileType = sourcecode.swift; path = Urban_MarketUITests.swift; sourceTree = "<group>"; };
		06C67E422AE13D8300E9353B /* Urban_MarketUITestsLaunchTests.swift */ = {isa = PBXFileReference; lastKnownFileType = sourcecode.swift; path = Urban_MarketUITestsLaunchTests.swift; sourceTree = "<group>"; };
		06C67E502AE142F600E9353B /* ProductModel.swift */ = {isa = PBXFileReference; lastKnownFileType = sourcecode.swift; path = ProductModel.swift; sourceTree = "<group>"; };
		06C67E532AE143BA00E9353B /* HomeScreenViewModel.swift */ = {isa = PBXFileReference; lastKnownFileType = sourcecode.swift; path = HomeScreenViewModel.swift; sourceTree = "<group>"; };
		06C67E572AE15ED800E9353B /* Raleway-Regular.ttf */ = {isa = PBXFileReference; lastKnownFileType = file; path = "Raleway-Regular.ttf"; sourceTree = "<group>"; };
		06C67E582AE15ED800E9353B /* Raleway-SemiBold.ttf */ = {isa = PBXFileReference; lastKnownFileType = file; path = "Raleway-SemiBold.ttf"; sourceTree = "<group>"; };
		06C67E5C2AE15F1C00E9353B /* Urban-Market-Info.plist */ = {isa = PBXFileReference; lastKnownFileType = text.plist; path = "Urban-Market-Info.plist"; sourceTree = SOURCE_ROOT; };
		06C67E5D2AE15F9900E9353B /* Raleway-Bold.ttf */ = {isa = PBXFileReference; lastKnownFileType = file; path = "Raleway-Bold.ttf"; sourceTree = "<group>"; };
		06C8487E2AFCEC3A007D2C7E /* pt-BR */ = {isa = PBXFileReference; lastKnownFileType = text.plist.strings; name = "pt-BR"; path = "pt-BR.lproj/Localizable.strings"; sourceTree = "<group>"; };
		06CB65952AE91CFA0065FE16 /* UserModel.swift */ = {isa = PBXFileReference; lastKnownFileType = sourcecode.swift; path = UserModel.swift; sourceTree = "<group>"; };
		06CB65972AE91F230065FE16 /* ProfileScreen.swift */ = {isa = PBXFileReference; lastKnownFileType = sourcecode.swift; path = ProfileScreen.swift; sourceTree = "<group>"; };
		06CB65992AE957E00065FE16 /* GoogleService-Info.plist */ = {isa = PBXFileReference; fileEncoding = 4; lastKnownFileType = text.plist.xml; path = "GoogleService-Info.plist"; sourceTree = "<group>"; };
		06CC5ADC2AEAA4D7007A064A /* SharedDataViewModel.swift */ = {isa = PBXFileReference; lastKnownFileType = sourcecode.swift; path = SharedDataViewModel.swift; sourceTree = "<group>"; };
		06CC5ADE2AEAA61D007A064A /* ProductDetailScreen.swift */ = {isa = PBXFileReference; lastKnownFileType = sourcecode.swift; path = ProductDetailScreen.swift; sourceTree = "<group>"; };
		06CC5AE02AEABD8D007A064A /* LikedScreen.swift */ = {isa = PBXFileReference; lastKnownFileType = sourcecode.swift; path = LikedScreen.swift; sourceTree = "<group>"; };
/* End PBXFileReference section */

/* Begin PBXFrameworksBuildPhase section */
		06C67E1A2AE13D8200E9353B /* Frameworks */ = {
			isa = PBXFrameworksBuildPhase;
			buildActionMask = 2147483647;
			files = (
				06CB658E2AE9118B0065FE16 /* FirebaseAuth in Frameworks */,
				06CB65942AE9118B0065FE16 /* FirebaseStorage in Frameworks */,
				06CB65902AE9118B0065FE16 /* FirebaseFirestore in Frameworks */,
				06CB65922AE9118B0065FE16 /* FirebaseFirestoreSwift in Frameworks */,
			);
			runOnlyForDeploymentPostprocessing = 0;
		};
		06C67E2F2AE13D8300E9353B /* Frameworks */ = {
			isa = PBXFrameworksBuildPhase;
			buildActionMask = 2147483647;
			files = (
			);
			runOnlyForDeploymentPostprocessing = 0;
		};
		06C67E392AE13D8300E9353B /* Frameworks */ = {
			isa = PBXFrameworksBuildPhase;
			buildActionMask = 2147483647;
			files = (
			);
			runOnlyForDeploymentPostprocessing = 0;
		};
/* End PBXFrameworksBuildPhase section */

/* Begin PBXGroup section */
		060F302E2AE161B8004B1120 /* Views */ = {
			isa = PBXGroup;
			children = (
				06C67E222AE13D8200E9353B /* HomeScreen.swift */,
				060F302F2AE1622D004B1120 /* OnBoardingScreen.swift */,
				060F30332AE17C2F004B1120 /* MainScreen.swift */,
				06C284312AE6D51A006F5422 /* MoreProductsScreen.swift */,
				06C284332AE7CA99006F5422 /* SearchScreen.swift */,
				06C284352AE7D3A0006F5422 /* StaggeredGrid.swift */,
				06C284392AE80B79006F5422 /* LoginScreen.swift */,
				06C2843B2AE80CBC006F5422 /* CustomCorners.swift */,
				06CB65972AE91F230065FE16 /* ProfileScreen.swift */,
				06CC5ADE2AEAA61D007A064A /* ProductDetailScreen.swift */,
				06CC5AE02AEABD8D007A064A /* LikedScreen.swift */,
				06A3EB102AEFCD550098B1DF /* CartScreen.swift */,
			);
			path = Views;
			sourceTree = "<group>";
		};
		064F3F262AFA49A5002F0B1F /* CoreData */ = {
			isa = PBXGroup;
			children = (
				064F3F272AFA49BE002F0B1F /* CoreDataManager.swift */,
				06C67E2B2AE13D8300E9353B /* Urban_Market.xcdatamodeld */,
			);
			path = CoreData;
			sourceTree = "<group>";
		};
		06C67E142AE13D8200E9353B = {
			isa = PBXGroup;
			children = (
				06C67E1F2AE13D8200E9353B /* Urban Market */,
				06C67E352AE13D8300E9353B /* Urban MarketTests */,
				06C67E3F2AE13D8300E9353B /* Urban MarketUITests */,
				06C67E1E2AE13D8200E9353B /* Products */,
			);
			sourceTree = "<group>";
		};
		06C67E1E2AE13D8200E9353B /* Products */ = {
			isa = PBXGroup;
			children = (
				06C67E1D2AE13D8200E9353B /* Urban Market.app */,
				06C67E322AE13D8300E9353B /* Urban MarketTests.xctest */,
				06C67E3C2AE13D8300E9353B /* Urban MarketUITests.xctest */,
			);
			name = Products;
			sourceTree = "<group>";
		};
		06C67E1F2AE13D8200E9353B /* Urban Market */ = {
			isa = PBXGroup;
			children = (
				064F3F262AFA49A5002F0B1F /* CoreData */,
				06C67E552AE15E6F00E9353B /* Fonts */,
				06C67E4F2AE141A500E9353B /* Models */,
				060F302E2AE161B8004B1120 /* Views */,
				06C67E522AE1438A00E9353B /* ViewModels */,
				06C67E5C2AE15F1C00E9353B /* Urban-Market-Info.plist */,
				06CB65992AE957E00065FE16 /* GoogleService-Info.plist */,
				06C67E202AE13D8200E9353B /* Urban_MarketApp.swift */,
				06C67E242AE13D8300E9353B /* Assets.xcassets */,
				06C5276E2AF5081700CFED75 /* Localizable.strings */,
				06C67E262AE13D8300E9353B /* Preview Content */,
			);
			path = "Urban Market";
			sourceTree = "<group>";
		};
		06C67E262AE13D8300E9353B /* Preview Content */ = {
			isa = PBXGroup;
			children = (
				06C67E272AE13D8300E9353B /* Preview Assets.xcassets */,
			);
			path = "Preview Content";
			sourceTree = "<group>";
		};
		06C67E352AE13D8300E9353B /* Urban MarketTests */ = {
			isa = PBXGroup;
			children = (
				06C67E362AE13D8300E9353B /* Urban_MarketTests.swift */,
			);
			path = "Urban MarketTests";
			sourceTree = "<group>";
		};
		06C67E3F2AE13D8300E9353B /* Urban MarketUITests */ = {
			isa = PBXGroup;
			children = (
				06C67E402AE13D8300E9353B /* Urban_MarketUITests.swift */,
				06C67E422AE13D8300E9353B /* Urban_MarketUITestsLaunchTests.swift */,
			);
			path = "Urban MarketUITests";
			sourceTree = "<group>";
		};
		06C67E4F2AE141A500E9353B /* Models */ = {
			isa = PBXGroup;
			children = (
				06C67E502AE142F600E9353B /* ProductModel.swift */,
				06CB65952AE91CFA0065FE16 /* UserModel.swift */,
			);
			path = Models;
			sourceTree = "<group>";
		};
		06C67E522AE1438A00E9353B /* ViewModels */ = {
			isa = PBXGroup;
			children = (
				06C67E532AE143BA00E9353B /* HomeScreenViewModel.swift */,
				06C284372AE80A76006F5422 /* LoginScreenViewModel.swift */,
				06CC5ADC2AEAA4D7007A064A /* SharedDataViewModel.swift */,
			);
			path = ViewModels;
			sourceTree = "<group>";
		};
		06C67E552AE15E6F00E9353B /* Fonts */ = {
			isa = PBXGroup;
			children = (
				06C67E572AE15ED800E9353B /* Raleway-Regular.ttf */,
				06C67E5D2AE15F9900E9353B /* Raleway-Bold.ttf */,
				06C67E582AE15ED800E9353B /* Raleway-SemiBold.ttf */,
			);
			path = Fonts;
			sourceTree = "<group>";
		};
/* End PBXGroup section */

/* Begin PBXNativeTarget section */
		06C67E1C2AE13D8200E9353B /* Urban Market */ = {
			isa = PBXNativeTarget;
			buildConfigurationList = 06C67E462AE13D8300E9353B /* Build configuration list for PBXNativeTarget "Urban Market" */;
			buildPhases = (
				06C67E192AE13D8200E9353B /* Sources */,
				06C67E1A2AE13D8200E9353B /* Frameworks */,
				06C67E1B2AE13D8200E9353B /* Resources */,
			);
			buildRules = (
			);
			dependencies = (
			);
			name = "Urban Market";
			packageProductDependencies = (
				06CB658D2AE9118B0065FE16 /* FirebaseAuth */,
				06CB658F2AE9118B0065FE16 /* FirebaseFirestore */,
				06CB65912AE9118B0065FE16 /* FirebaseFirestoreSwift */,
				06CB65932AE9118B0065FE16 /* FirebaseStorage */,
			);
			productName = "Urban Market";
			productReference = 06C67E1D2AE13D8200E9353B /* Urban Market.app */;
			productType = "com.apple.product-type.application";
		};
		06C67E312AE13D8300E9353B /* Urban MarketTests */ = {
			isa = PBXNativeTarget;
			buildConfigurationList = 06C67E492AE13D8300E9353B /* Build configuration list for PBXNativeTarget "Urban MarketTests" */;
			buildPhases = (
				06C67E2E2AE13D8300E9353B /* Sources */,
				06C67E2F2AE13D8300E9353B /* Frameworks */,
				06C67E302AE13D8300E9353B /* Resources */,
			);
			buildRules = (
			);
			dependencies = (
				06C67E342AE13D8300E9353B /* PBXTargetDependency */,
			);
			name = "Urban MarketTests";
			productName = "Urban MarketTests";
			productReference = 06C67E322AE13D8300E9353B /* Urban MarketTests.xctest */;
			productType = "com.apple.product-type.bundle.unit-test";
		};
		06C67E3B2AE13D8300E9353B /* Urban MarketUITests */ = {
			isa = PBXNativeTarget;
			buildConfigurationList = 06C67E4C2AE13D8300E9353B /* Build configuration list for PBXNativeTarget "Urban MarketUITests" */;
			buildPhases = (
				06C67E382AE13D8300E9353B /* Sources */,
				06C67E392AE13D8300E9353B /* Frameworks */,
				06C67E3A2AE13D8300E9353B /* Resources */,
			);
			buildRules = (
			);
			dependencies = (
				06C67E3E2AE13D8300E9353B /* PBXTargetDependency */,
			);
			name = "Urban MarketUITests";
			productName = "Urban MarketUITests";
			productReference = 06C67E3C2AE13D8300E9353B /* Urban MarketUITests.xctest */;
			productType = "com.apple.product-type.bundle.ui-testing";
		};
/* End PBXNativeTarget section */

/* Begin PBXProject section */
		06C67E152AE13D8200E9353B /* Project object */ = {
			isa = PBXProject;
			attributes = {
				BuildIndependentTargetsInParallel = 1;
				LastSwiftUpdateCheck = 1340;
				LastUpgradeCheck = 1340;
				TargetAttributes = {
					06C67E1C2AE13D8200E9353B = {
						CreatedOnToolsVersion = 13.4;
					};
					06C67E312AE13D8300E9353B = {
						CreatedOnToolsVersion = 13.4;
						TestTargetID = 06C67E1C2AE13D8200E9353B;
					};
					06C67E3B2AE13D8300E9353B = {
						CreatedOnToolsVersion = 13.4;
						TestTargetID = 06C67E1C2AE13D8200E9353B;
					};
				};
			};
			buildConfigurationList = 06C67E182AE13D8200E9353B /* Build configuration list for PBXProject "Urban Market" */;
			compatibilityVersion = "Xcode 13.0";
			developmentRegion = en;
			hasScannedForEncodings = 0;
			knownRegions = (
				en,
				Base,
				de,
				"pt-BR",
			);
			mainGroup = 06C67E142AE13D8200E9353B;
			packageReferences = (
				06CB658C2AE9118B0065FE16 /* XCRemoteSwiftPackageReference "firebase-ios-sdk" */,
			);
			productRefGroup = 06C67E1E2AE13D8200E9353B /* Products */;
			projectDirPath = "";
			projectRoot = "";
			targets = (
				06C67E1C2AE13D8200E9353B /* Urban Market */,
				06C67E312AE13D8300E9353B /* Urban MarketTests */,
				06C67E3B2AE13D8300E9353B /* Urban MarketUITests */,
			);
		};
/* End PBXProject section */

/* Begin PBXResourcesBuildPhase section */
		06C67E1B2AE13D8200E9353B /* Resources */ = {
			isa = PBXResourcesBuildPhase;
			buildActionMask = 2147483647;
			files = (
				06C67E282AE13D8300E9353B /* Preview Assets.xcassets in Resources */,
				06C67E252AE13D8300E9353B /* Assets.xcassets in Resources */,
				06C67E5A2AE15ED800E9353B /* Raleway-Regular.ttf in Resources */,
				06C5276C2AF5081700CFED75 /* Localizable.strings in Resources */,
				06C67E5E2AE15F9900E9353B /* Raleway-Bold.ttf in Resources */,
				06C67E5B2AE15ED800E9353B /* Raleway-SemiBold.ttf in Resources */,
				06CB659A2AE957E00065FE16 /* GoogleService-Info.plist in Resources */,
			);
			runOnlyForDeploymentPostprocessing = 0;
		};
		06C67E302AE13D8300E9353B /* Resources */ = {
			isa = PBXResourcesBuildPhase;
			buildActionMask = 2147483647;
			files = (
			);
			runOnlyForDeploymentPostprocessing = 0;
		};
		06C67E3A2AE13D8300E9353B /* Resources */ = {
			isa = PBXResourcesBuildPhase;
			buildActionMask = 2147483647;
			files = (
			);
			runOnlyForDeploymentPostprocessing = 0;
		};
/* End PBXResourcesBuildPhase section */

/* Begin PBXSourcesBuildPhase section */
		06C67E192AE13D8200E9353B /* Sources */ = {
			isa = PBXSourcesBuildPhase;
			buildActionMask = 2147483647;
			files = (
				06C2843A2AE80B79006F5422 /* LoginScreen.swift in Sources */,
				060F30342AE17C2F004B1120 /* MainScreen.swift in Sources */,
				06C284342AE7CA99006F5422 /* SearchScreen.swift in Sources */,
				06C284382AE80A76006F5422 /* LoginScreenViewModel.swift in Sources */,
				06C284362AE7D3A0006F5422 /* StaggeredGrid.swift in Sources */,
				06C2843C2AE80CBC006F5422 /* CustomCorners.swift in Sources */,
				06C67E2D2AE13D8300E9353B /* Urban_Market.xcdatamodeld in Sources */,
				06C67E542AE143BA00E9353B /* HomeScreenViewModel.swift in Sources */,
				06C67E232AE13D8200E9353B /* HomeScreen.swift in Sources */,
				06CC5ADD2AEAA4D7007A064A /* SharedDataViewModel.swift in Sources */,
				06C284322AE6D51A006F5422 /* MoreProductsScreen.swift in Sources */,
				064F3F282AFA49BE002F0B1F /* CoreDataManager.swift in Sources */,
				06C67E212AE13D8200E9353B /* Urban_MarketApp.swift in Sources */,
				06C67E512AE142F600E9353B /* ProductModel.swift in Sources */,
				06CC5ADF2AEAA61D007A064A /* ProductDetailScreen.swift in Sources */,
				06CB65962AE91CFA0065FE16 /* UserModel.swift in Sources */,
				060F30302AE1622D004B1120 /* OnBoardingScreen.swift in Sources */,
				06A3EB112AEFCD550098B1DF /* CartScreen.swift in Sources */,
				06CC5AE12AEABD8D007A064A /* LikedScreen.swift in Sources */,
				06CB65982AE91F230065FE16 /* ProfileScreen.swift in Sources */,
			);
			runOnlyForDeploymentPostprocessing = 0;
		};
		06C67E2E2AE13D8300E9353B /* Sources */ = {
			isa = PBXSourcesBuildPhase;
			buildActionMask = 2147483647;
			files = (
				06C67E372AE13D8300E9353B /* Urban_MarketTests.swift in Sources */,
			);
			runOnlyForDeploymentPostprocessing = 0;
		};
		06C67E382AE13D8300E9353B /* Sources */ = {
			isa = PBXSourcesBuildPhase;
			buildActionMask = 2147483647;
			files = (
				06C67E412AE13D8300E9353B /* Urban_MarketUITests.swift in Sources */,
				06C67E432AE13D8300E9353B /* Urban_MarketUITestsLaunchTests.swift in Sources */,
			);
			runOnlyForDeploymentPostprocessing = 0;
		};
/* End PBXSourcesBuildPhase section */

/* Begin PBXTargetDependency section */
		06C67E342AE13D8300E9353B /* PBXTargetDependency */ = {
			isa = PBXTargetDependency;
			target = 06C67E1C2AE13D8200E9353B /* Urban Market */;
			targetProxy = 06C67E332AE13D8300E9353B /* PBXContainerItemProxy */;
		};
		06C67E3E2AE13D8300E9353B /* PBXTargetDependency */ = {
			isa = PBXTargetDependency;
			target = 06C67E1C2AE13D8200E9353B /* Urban Market */;
			targetProxy = 06C67E3D2AE13D8300E9353B /* PBXContainerItemProxy */;
		};
/* End PBXTargetDependency section */

/* Begin PBXVariantGroup section */
		06C5276E2AF5081700CFED75 /* Localizable.strings */ = {
			isa = PBXVariantGroup;
			children = (
				06C5276D2AF5081700CFED75 /* en */,
				06C527712AF51C8800CFED75 /* de */,
				06C8487E2AFCEC3A007D2C7E /* pt-BR */,
			);
			name = Localizable.strings;
			sourceTree = "<group>";
		};
/* End PBXVariantGroup section */

/* Begin XCBuildConfiguration section */
		06C67E442AE13D8300E9353B /* Debug */ = {
			isa = XCBuildConfiguration;
			buildSettings = {
				ALWAYS_SEARCH_USER_PATHS = NO;
				CLANG_ANALYZER_LOCALIZABILITY_NONLOCALIZED = YES;
				CLANG_ANALYZER_NONNULL = YES;
				CLANG_ANALYZER_NUMBER_OBJECT_CONVERSION = YES_AGGRESSIVE;
				CLANG_CXX_LANGUAGE_STANDARD = "gnu++17";
				CLANG_ENABLE_MODULES = YES;
				CLANG_ENABLE_OBJC_ARC = YES;
				CLANG_ENABLE_OBJC_WEAK = YES;
				CLANG_WARN_BLOCK_CAPTURE_AUTORELEASING = YES;
				CLANG_WARN_BOOL_CONVERSION = YES;
				CLANG_WARN_COMMA = YES;
				CLANG_WARN_CONSTANT_CONVERSION = YES;
				CLANG_WARN_DEPRECATED_OBJC_IMPLEMENTATIONS = YES;
				CLANG_WARN_DIRECT_OBJC_ISA_USAGE = YES_ERROR;
				CLANG_WARN_DOCUMENTATION_COMMENTS = YES;
				CLANG_WARN_EMPTY_BODY = YES;
				CLANG_WARN_ENUM_CONVERSION = YES;
				CLANG_WARN_INFINITE_RECURSION = YES;
				CLANG_WARN_INT_CONVERSION = YES;
				CLANG_WARN_NON_LITERAL_NULL_CONVERSION = YES;
				CLANG_WARN_OBJC_IMPLICIT_RETAIN_SELF = YES;
				CLANG_WARN_OBJC_LITERAL_CONVERSION = YES;
				CLANG_WARN_OBJC_ROOT_CLASS = YES_ERROR;
				CLANG_WARN_QUOTED_INCLUDE_IN_FRAMEWORK_HEADER = YES;
				CLANG_WARN_RANGE_LOOP_ANALYSIS = YES;
				CLANG_WARN_STRICT_PROTOTYPES = YES;
				CLANG_WARN_SUSPICIOUS_MOVE = YES;
				CLANG_WARN_UNGUARDED_AVAILABILITY = YES_AGGRESSIVE;
				CLANG_WARN_UNREACHABLE_CODE = YES;
				CLANG_WARN__DUPLICATE_METHOD_MATCH = YES;
				COPY_PHASE_STRIP = NO;
				DEBUG_INFORMATION_FORMAT = dwarf;
				ENABLE_STRICT_OBJC_MSGSEND = YES;
				ENABLE_TESTABILITY = YES;
				GCC_C_LANGUAGE_STANDARD = gnu11;
				GCC_DYNAMIC_NO_PIC = NO;
				GCC_NO_COMMON_BLOCKS = YES;
				GCC_OPTIMIZATION_LEVEL = 0;
				GCC_PREPROCESSOR_DEFINITIONS = (
					"DEBUG=1",
					"$(inherited)",
				);
				GCC_WARN_64_TO_32_BIT_CONVERSION = YES;
				GCC_WARN_ABOUT_RETURN_TYPE = YES_ERROR;
				GCC_WARN_UNDECLARED_SELECTOR = YES;
				GCC_WARN_UNINITIALIZED_AUTOS = YES_AGGRESSIVE;
				GCC_WARN_UNUSED_FUNCTION = YES;
				GCC_WARN_UNUSED_VARIABLE = YES;
				IPHONEOS_DEPLOYMENT_TARGET = 15.5;
				MTL_ENABLE_DEBUG_INFO = INCLUDE_SOURCE;
				MTL_FAST_MATH = YES;
				ONLY_ACTIVE_ARCH = YES;
				SDKROOT = iphoneos;
				SWIFT_ACTIVE_COMPILATION_CONDITIONS = DEBUG;
				SWIFT_OPTIMIZATION_LEVEL = "-Onone";
			};
			name = Debug;
		};
		06C67E452AE13D8300E9353B /* Release */ = {
			isa = XCBuildConfiguration;
			buildSettings = {
				ALWAYS_SEARCH_USER_PATHS = NO;
				CLANG_ANALYZER_LOCALIZABILITY_NONLOCALIZED = YES;
				CLANG_ANALYZER_NONNULL = YES;
				CLANG_ANALYZER_NUMBER_OBJECT_CONVERSION = YES_AGGRESSIVE;
				CLANG_CXX_LANGUAGE_STANDARD = "gnu++17";
				CLANG_ENABLE_MODULES = YES;
				CLANG_ENABLE_OBJC_ARC = YES;
				CLANG_ENABLE_OBJC_WEAK = YES;
				CLANG_WARN_BLOCK_CAPTURE_AUTORELEASING = YES;
				CLANG_WARN_BOOL_CONVERSION = YES;
				CLANG_WARN_COMMA = YES;
				CLANG_WARN_CONSTANT_CONVERSION = YES;
				CLANG_WARN_DEPRECATED_OBJC_IMPLEMENTATIONS = YES;
				CLANG_WARN_DIRECT_OBJC_ISA_USAGE = YES_ERROR;
				CLANG_WARN_DOCUMENTATION_COMMENTS = YES;
				CLANG_WARN_EMPTY_BODY = YES;
				CLANG_WARN_ENUM_CONVERSION = YES;
				CLANG_WARN_INFINITE_RECURSION = YES;
				CLANG_WARN_INT_CONVERSION = YES;
				CLANG_WARN_NON_LITERAL_NULL_CONVERSION = YES;
				CLANG_WARN_OBJC_IMPLICIT_RETAIN_SELF = YES;
				CLANG_WARN_OBJC_LITERAL_CONVERSION = YES;
				CLANG_WARN_OBJC_ROOT_CLASS = YES_ERROR;
				CLANG_WARN_QUOTED_INCLUDE_IN_FRAMEWORK_HEADER = YES;
				CLANG_WARN_RANGE_LOOP_ANALYSIS = YES;
				CLANG_WARN_STRICT_PROTOTYPES = YES;
				CLANG_WARN_SUSPICIOUS_MOVE = YES;
				CLANG_WARN_UNGUARDED_AVAILABILITY = YES_AGGRESSIVE;
				CLANG_WARN_UNREACHABLE_CODE = YES;
				CLANG_WARN__DUPLICATE_METHOD_MATCH = YES;
				COPY_PHASE_STRIP = NO;
				DEBUG_INFORMATION_FORMAT = "dwarf-with-dsym";
				ENABLE_NS_ASSERTIONS = NO;
				ENABLE_STRICT_OBJC_MSGSEND = YES;
				GCC_C_LANGUAGE_STANDARD = gnu11;
				GCC_NO_COMMON_BLOCKS = YES;
				GCC_WARN_64_TO_32_BIT_CONVERSION = YES;
				GCC_WARN_ABOUT_RETURN_TYPE = YES_ERROR;
				GCC_WARN_UNDECLARED_SELECTOR = YES;
				GCC_WARN_UNINITIALIZED_AUTOS = YES_AGGRESSIVE;
				GCC_WARN_UNUSED_FUNCTION = YES;
				GCC_WARN_UNUSED_VARIABLE = YES;
				IPHONEOS_DEPLOYMENT_TARGET = 15.5;
				MTL_ENABLE_DEBUG_INFO = NO;
				MTL_FAST_MATH = YES;
				SDKROOT = iphoneos;
				SWIFT_COMPILATION_MODE = wholemodule;
				SWIFT_OPTIMIZATION_LEVEL = "-O";
				VALIDATE_PRODUCT = YES;
			};
			name = Release;
		};
		06C67E472AE13D8300E9353B /* Debug */ = {
			isa = XCBuildConfiguration;
			buildSettings = {
				ASSETCATALOG_COMPILER_APPICON_NAME = AppIcon;
				ASSETCATALOG_COMPILER_GLOBAL_ACCENT_COLOR_NAME = AccentColor;
				CODE_SIGN_STYLE = Automatic;
				CURRENT_PROJECT_VERSION = 1;
				DEVELOPMENT_ASSET_PATHS = "\"Urban Market/Preview Content\"";
				DEVELOPMENT_TEAM = GZFLA6HU23;
				ENABLE_PREVIEWS = YES;
				GENERATE_INFOPLIST_FILE = YES;
				INFOPLIST_FILE = "Urban-Market-Info.plist";
				INFOPLIST_KEY_UIApplicationSceneManifest_Generation = YES;
				INFOPLIST_KEY_UIApplicationSupportsIndirectInputEvents = YES;
				INFOPLIST_KEY_UILaunchScreen_Generation = YES;
				INFOPLIST_KEY_UISupportedInterfaceOrientations_iPad = "UIInterfaceOrientationPortrait UIInterfaceOrientationPortraitUpsideDown UIInterfaceOrientationLandscapeLeft UIInterfaceOrientationLandscapeRight";
				INFOPLIST_KEY_UISupportedInterfaceOrientations_iPhone = "UIInterfaceOrientationPortrait UIInterfaceOrientationLandscapeLeft UIInterfaceOrientationLandscapeRight";
				LD_RUNPATH_SEARCH_PATHS = (
					"$(inherited)",
					"@executable_path/Frameworks",
				);
				MARKETING_VERSION = 1.0;
				PRODUCT_BUNDLE_IDENTIFIER = "ITC.Urban-Market";
				PRODUCT_NAME = "$(TARGET_NAME)";
				SWIFT_EMIT_LOC_STRINGS = YES;
				SWIFT_VERSION = 5.0;
				TARGETED_DEVICE_FAMILY = "1,2";
			};
			name = Debug;
		};
		06C67E482AE13D8300E9353B /* Release */ = {
			isa = XCBuildConfiguration;
			buildSettings = {
				ASSETCATALOG_COMPILER_APPICON_NAME = AppIcon;
				ASSETCATALOG_COMPILER_GLOBAL_ACCENT_COLOR_NAME = AccentColor;
				CODE_SIGN_STYLE = Automatic;
				CURRENT_PROJECT_VERSION = 1;
				DEVELOPMENT_ASSET_PATHS = "\"Urban Market/Preview Content\"";
				DEVELOPMENT_TEAM = GZFLA6HU23;
				ENABLE_PREVIEWS = YES;
				GENERATE_INFOPLIST_FILE = YES;
				INFOPLIST_FILE = "Urban-Market-Info.plist";
				INFOPLIST_KEY_UIApplicationSceneManifest_Generation = YES;
				INFOPLIST_KEY_UIApplicationSupportsIndirectInputEvents = YES;
				INFOPLIST_KEY_UILaunchScreen_Generation = YES;
				INFOPLIST_KEY_UISupportedInterfaceOrientations_iPad = "UIInterfaceOrientationPortrait UIInterfaceOrientationPortraitUpsideDown UIInterfaceOrientationLandscapeLeft UIInterfaceOrientationLandscapeRight";
				INFOPLIST_KEY_UISupportedInterfaceOrientations_iPhone = "UIInterfaceOrientationPortrait UIInterfaceOrientationLandscapeLeft UIInterfaceOrientationLandscapeRight";
				LD_RUNPATH_SEARCH_PATHS = (
					"$(inherited)",
					"@executable_path/Frameworks",
				);
				MARKETING_VERSION = 1.0;
				PRODUCT_BUNDLE_IDENTIFIER = "ITC.Urban-Market";
				PRODUCT_NAME = "$(TARGET_NAME)";
				SWIFT_EMIT_LOC_STRINGS = YES;
				SWIFT_VERSION = 5.0;
				TARGETED_DEVICE_FAMILY = "1,2";
			};
			name = Release;
		};
		06C67E4A2AE13D8300E9353B /* Debug */ = {
			isa = XCBuildConfiguration;
			buildSettings = {
				ALWAYS_EMBED_SWIFT_STANDARD_LIBRARIES = YES;
				BUNDLE_LOADER = "$(TEST_HOST)";
				CODE_SIGN_STYLE = Automatic;
				CURRENT_PROJECT_VERSION = 1;
				DEVELOPMENT_TEAM = GZFLA6HU23;
				GENERATE_INFOPLIST_FILE = YES;
				IPHONEOS_DEPLOYMENT_TARGET = 15.5;
				MARKETING_VERSION = 1.0;
				PRODUCT_BUNDLE_IDENTIFIER = "ITC.Urban-MarketTests";
				PRODUCT_NAME = "$(TARGET_NAME)";
				SWIFT_EMIT_LOC_STRINGS = NO;
				SWIFT_VERSION = 5.0;
				TARGETED_DEVICE_FAMILY = "1,2";
				TEST_HOST = "$(BUILT_PRODUCTS_DIR)/Urban Market.app/Urban Market";
			};
			name = Debug;
		};
		06C67E4B2AE13D8300E9353B /* Release */ = {
			isa = XCBuildConfiguration;
			buildSettings = {
				ALWAYS_EMBED_SWIFT_STANDARD_LIBRARIES = YES;
				BUNDLE_LOADER = "$(TEST_HOST)";
				CODE_SIGN_STYLE = Automatic;
				CURRENT_PROJECT_VERSION = 1;
				DEVELOPMENT_TEAM = GZFLA6HU23;
				GENERATE_INFOPLIST_FILE = YES;
				IPHONEOS_DEPLOYMENT_TARGET = 15.5;
				MARKETING_VERSION = 1.0;
				PRODUCT_BUNDLE_IDENTIFIER = "ITC.Urban-MarketTests";
				PRODUCT_NAME = "$(TARGET_NAME)";
				SWIFT_EMIT_LOC_STRINGS = NO;
				SWIFT_VERSION = 5.0;
				TARGETED_DEVICE_FAMILY = "1,2";
				TEST_HOST = "$(BUILT_PRODUCTS_DIR)/Urban Market.app/Urban Market";
			};
			name = Release;
		};
		06C67E4D2AE13D8300E9353B /* Debug */ = {
			isa = XCBuildConfiguration;
			buildSettings = {
				ALWAYS_EMBED_SWIFT_STANDARD_LIBRARIES = YES;
				CODE_SIGN_STYLE = Automatic;
				CURRENT_PROJECT_VERSION = 1;
				DEVELOPMENT_TEAM = GZFLA6HU23;
				GENERATE_INFOPLIST_FILE = YES;
				MARKETING_VERSION = 1.0;
				PRODUCT_BUNDLE_IDENTIFIER = "ITC.Urban-MarketUITests";
				PRODUCT_NAME = "$(TARGET_NAME)";
				SWIFT_EMIT_LOC_STRINGS = NO;
				SWIFT_VERSION = 5.0;
				TARGETED_DEVICE_FAMILY = "1,2";
				TEST_TARGET_NAME = "Urban Market";
			};
			name = Debug;
		};
		06C67E4E2AE13D8300E9353B /* Release */ = {
			isa = XCBuildConfiguration;
			buildSettings = {
				ALWAYS_EMBED_SWIFT_STANDARD_LIBRARIES = YES;
				CODE_SIGN_STYLE = Automatic;
				CURRENT_PROJECT_VERSION = 1;
				DEVELOPMENT_TEAM = GZFLA6HU23;
				GENERATE_INFOPLIST_FILE = YES;
				MARKETING_VERSION = 1.0;
				PRODUCT_BUNDLE_IDENTIFIER = "ITC.Urban-MarketUITests";
				PRODUCT_NAME = "$(TARGET_NAME)";
				SWIFT_EMIT_LOC_STRINGS = NO;
				SWIFT_VERSION = 5.0;
				TARGETED_DEVICE_FAMILY = "1,2";
				TEST_TARGET_NAME = "Urban Market";
			};
			name = Release;
		};
/* End XCBuildConfiguration section */

/* Begin XCConfigurationList section */
		06C67E182AE13D8200E9353B /* Build configuration list for PBXProject "Urban Market" */ = {
			isa = XCConfigurationList;
			buildConfigurations = (
				06C67E442AE13D8300E9353B /* Debug */,
				06C67E452AE13D8300E9353B /* Release */,
			);
			defaultConfigurationIsVisible = 0;
			defaultConfigurationName = Release;
		};
		06C67E462AE13D8300E9353B /* Build configuration list for PBXNativeTarget "Urban Market" */ = {
			isa = XCConfigurationList;
			buildConfigurations = (
				06C67E472AE13D8300E9353B /* Debug */,
				06C67E482AE13D8300E9353B /* Release */,
			);
			defaultConfigurationIsVisible = 0;
			defaultConfigurationName = Release;
		};
		06C67E492AE13D8300E9353B /* Build configuration list for PBXNativeTarget "Urban MarketTests" */ = {
			isa = XCConfigurationList;
			buildConfigurations = (
				06C67E4A2AE13D8300E9353B /* Debug */,
				06C67E4B2AE13D8300E9353B /* Release */,
			);
			defaultConfigurationIsVisible = 0;
			defaultConfigurationName = Release;
		};
		06C67E4C2AE13D8300E9353B /* Build configuration list for PBXNativeTarget "Urban MarketUITests" */ = {
			isa = XCConfigurationList;
			buildConfigurations = (
				06C67E4D2AE13D8300E9353B /* Debug */,
				06C67E4E2AE13D8300E9353B /* Release */,
			);
			defaultConfigurationIsVisible = 0;
			defaultConfigurationName = Release;
		};
/* End XCConfigurationList section */

/* Begin XCRemoteSwiftPackageReference section */
		06CB658C2AE9118B0065FE16 /* XCRemoteSwiftPackageReference "firebase-ios-sdk" */ = {
			isa = XCRemoteSwiftPackageReference;
			repositoryURL = "https://github.com/firebase/firebase-ios-sdk";
			requirement = {
				kind = upToNextMajorVersion;
				minimumVersion = 9.0.0;
			};
		};
/* End XCRemoteSwiftPackageReference section */

/* Begin XCSwiftPackageProductDependency section */
		06CB658D2AE9118B0065FE16 /* FirebaseAuth */ = {
			isa = XCSwiftPackageProductDependency;
			package = 06CB658C2AE9118B0065FE16 /* XCRemoteSwiftPackageReference "firebase-ios-sdk" */;
			productName = FirebaseAuth;
		};
		06CB658F2AE9118B0065FE16 /* FirebaseFirestore */ = {
			isa = XCSwiftPackageProductDependency;
			package = 06CB658C2AE9118B0065FE16 /* XCRemoteSwiftPackageReference "firebase-ios-sdk" */;
			productName = FirebaseFirestore;
		};
		06CB65912AE9118B0065FE16 /* FirebaseFirestoreSwift */ = {
			isa = XCSwiftPackageProductDependency;
			package = 06CB658C2AE9118B0065FE16 /* XCRemoteSwiftPackageReference "firebase-ios-sdk" */;
			productName = FirebaseFirestoreSwift;
		};
		06CB65932AE9118B0065FE16 /* FirebaseStorage */ = {
			isa = XCSwiftPackageProductDependency;
			package = 06CB658C2AE9118B0065FE16 /* XCRemoteSwiftPackageReference "firebase-ios-sdk" */;
			productName = FirebaseStorage;
		};
/* End XCSwiftPackageProductDependency section */

/* Begin XCVersionGroup section */
		06C67E2B2AE13D8300E9353B /* Urban_Market.xcdatamodeld */ = {
			isa = XCVersionGroup;
			children = (
				06C67E2C2AE13D8300E9353B /* Urban_Market.xcdatamodel */,
			);
			currentVersion = 06C67E2C2AE13D8300E9353B /* Urban_Market.xcdatamodel */;
			path = Urban_Market.xcdatamodeld;
			sourceTree = "<group>";
			versionGroupType = wrapper.xcdatamodel;
		};
/* End XCVersionGroup section */
	};
	rootObject = 06C67E152AE13D8200E9353B /* Project object */;
}
